
Microsoft Visual Studio Solution File, Format Version 12.00
Project("{FAE04EC0-301F-11D3-BF4B-00C04F79EFBC}") = "Jobs.VacancyApi", "Jobs.VacancyApi\Jobs.VacancyApi.csproj", "{D66E023D-9145-461F-9162-B41205A0A4C2}"
EndProject
Project("{FAE04EC0-301F-11D3-BF4B-00C04F79EFBC}") = "Jobs.CoreAndWebApi.NUnitTests", "Jobs.CoreAndWebApi.NUnitTests\Jobs.CoreAndWebApi.NUnitTests.csproj", "{D09D39AD-9BAE-4B14-98BF-9725FB38B12A}"
EndProject
Project("{FAE04EC0-301F-11D3-BF4B-00C04F79EFBC}") = "Jobs.WebApi.Integrations.NUnitTests", "Jobs.WebApi.Integrations.NUnitTests\Jobs.WebApi.Integrations.NUnitTests.csproj", "{9DBD2A98-9791-4A6D-A425-3031E4DE1F59}"
EndProject
Project("{FAE04EC0-301F-11D3-BF4B-00C04F79EFBC}") = "Jobs.CompanyApi", "Jobs.CompanyApi\Jobs.CompanyApi.csproj", "{BC1A2351-52DF-43FF-8E36-1623FB7CFC78}"
EndProject
Project("{FAE04EC0-301F-11D3-BF4B-00C04F79EFBC}") = "Jobs.Entities", "Jobs.Entities\Jobs.Entities.csproj", "{52045845-8FCC-40E4-9722-C36C8B3AA2AF}"
EndProject
Project("{FAE04EC0-301F-11D3-BF4B-00C04F79EFBC}") = "BlazorApp2", "BlazorApp2\BlazorApp2\BlazorApp2.csproj", "{38510CD3-C216-4A08-8C54-1DB096D6A7E6}"
EndProject
Project("{FAE04EC0-301F-11D3-BF4B-00C04F79EFBC}") = "BlazorApp2.Client", "BlazorApp2\BlazorApp2.Client\BlazorApp2.Client.csproj", "{BAFA642C-FB51-4065-A941-469FC74504B8}"
EndProject
Project("{FAE04EC0-301F-11D3-BF4B-00C04F79EFBC}") = "Jobs.Common", "Jobs.Common\Jobs.Common.csproj", "{42843AD8-E361-4938-9D41-8FEA64173FD5}"
EndProject
Project("{FAE04EC0-301F-11D3-BF4B-00C04F79EFBC}") = "Jobs.AccountApi", "Jobs.AccountApi\Jobs.AccountApi.csproj", "{1B663C74-DBFD-4E49-A7AD-4E2EECB280FA}"
EndProject
Project("{FAE04EC0-301F-11D3-BF4B-00C04F79EFBC}") = "ConsoleAESKeyGenApp", "ConsoleAESKeyGenApp\ConsoleAESKeyGenApp.csproj", "{6B1F1965-B673-4B03-BBA7-D28541E69C79}"
EndProject
Project("{FAE04EC0-301F-11D3-BF4B-00C04F79EFBC}") = "Jobs.Core", "Jobs.Core\Jobs.Core.csproj", "{67CCA0FD-BB5C-498A-9245-7DB085C79797}"
EndProject
Project("{2150E333-8FDC-42A3-9474-1A3956D46DE8}") = "UnitTests", "UnitTests", "{08DFB404-421F-44E4-A00E-16B56C3F5CBE}"
EndProject
Project("{2150E333-8FDC-42A3-9474-1A3956D46DE8}") = "Core", "Core", "{F5F9388B-93D3-4E8D-A81D-A24099FD62B2}"
EndProject
Project("{2150E333-8FDC-42A3-9474-1A3956D46DE8}") = "Shared", "Shared", "{793A8D04-2391-4F2E-A1BE-0E69A227178D}"
EndProject
Project("{2150E333-8FDC-42A3-9474-1A3956D46DE8}") = "WebApi", "WebApi", "{5C805CF6-F2E1-42E3-BCEF-CFC41A0E3631}"
EndProject
Project("{2150E333-8FDC-42A3-9474-1A3956D46DE8}") = "WebApp", "WebApp", "{C5BDBBA8-88CC-4FB3-9EDA-F03CCA576581}"
EndProject
Project("{2150E333-8FDC-42A3-9474-1A3956D46DE8}") = "Utilities", "Utilities", "{1BB6B772-3014-4295-BF8C-FF35D50B722F}"
EndProject
Project("{FAE04EC0-301F-11D3-BF4B-00C04F79EFBC}") = "Jobs.Dto", "Jobs.Dto\Jobs.Dto.csproj", "{1BA2545D-BF5D-44D6-975C-F1C42EDA2C9F}"
EndProject
Project("{FAE04EC0-301F-11D3-BF4B-00C04F79EFBC}") = "Jobs.ReferenceApi", "Jobs.ReferenceApi\Jobs.ReferenceApi.csproj", "{8CE12F4B-5FC5-45AB-B708-2F9B3C44EB91}"
EndProject
Global
	GlobalSection(SolutionConfigurationPlatforms) = preSolution
		Debug|Any CPU = Debug|Any CPU
		Release|Any CPU = Release|Any CPU
	EndGlobalSection
	GlobalSection(ProjectConfigurationPlatforms) = postSolution
		{D66E023D-9145-461F-9162-B41205A0A4C2}.Debug|Any CPU.ActiveCfg = Debug|Any CPU
		{D66E023D-9145-461F-9162-B41205A0A4C2}.Debug|Any CPU.Build.0 = Debug|Any CPU
		{D66E023D-9145-461F-9162-B41205A0A4C2}.Release|Any CPU.ActiveCfg = Release|Any CPU
		{D66E023D-9145-461F-9162-B41205A0A4C2}.Release|Any CPU.Build.0 = Release|Any CPU
		{39EB9BBD-01A9-4839-8E86-56AF9271E2F0}.Debug|Any CPU.ActiveCfg = Debug|Any CPU
		{39EB9BBD-01A9-4839-8E86-56AF9271E2F0}.Debug|Any CPU.Build.0 = Debug|Any CPU
		{39EB9BBD-01A9-4839-8E86-56AF9271E2F0}.Release|Any CPU.ActiveCfg = Release|Any CPU
		{39EB9BBD-01A9-4839-8E86-56AF9271E2F0}.Release|Any CPU.Build.0 = Release|Any CPU
		{7E888A34-EAB5-4D38-BAA5-8F22A3A70240}.Debug|Any CPU.ActiveCfg = Debug|Any CPU
		{7E888A34-EAB5-4D38-BAA5-8F22A3A70240}.Debug|Any CPU.Build.0 = Debug|Any CPU
		{7E888A34-EAB5-4D38-BAA5-8F22A3A70240}.Release|Any CPU.ActiveCfg = Release|Any CPU
		{7E888A34-EAB5-4D38-BAA5-8F22A3A70240}.Release|Any CPU.Build.0 = Release|Any CPU
		{D09D39AD-9BAE-4B14-98BF-9725FB38B12A}.Debug|Any CPU.ActiveCfg = Debug|Any CPU
		{D09D39AD-9BAE-4B14-98BF-9725FB38B12A}.Debug|Any CPU.Build.0 = Debug|Any CPU
		{D09D39AD-9BAE-4B14-98BF-9725FB38B12A}.Release|Any CPU.ActiveCfg = Release|Any CPU
		{D09D39AD-9BAE-4B14-98BF-9725FB38B12A}.Release|Any CPU.Build.0 = Release|Any CPU
		{4C56D1E4-9F51-476B-B9D1-564E5DF3945F}.Debug|Any CPU.ActiveCfg = Debug|Any CPU
		{4C56D1E4-9F51-476B-B9D1-564E5DF3945F}.Debug|Any CPU.Build.0 = Debug|Any CPU
		{4C56D1E4-9F51-476B-B9D1-564E5DF3945F}.Release|Any CPU.ActiveCfg = Release|Any CPU
		{4C56D1E4-9F51-476B-B9D1-564E5DF3945F}.Release|Any CPU.Build.0 = Release|Any CPU
		{EAFB79FB-2893-4474-AF90-04B5EA938A53}.Debug|Any CPU.ActiveCfg = Debug|Any CPU
		{EAFB79FB-2893-4474-AF90-04B5EA938A53}.Debug|Any CPU.Build.0 = Debug|Any CPU
		{EAFB79FB-2893-4474-AF90-04B5EA938A53}.Release|Any CPU.ActiveCfg = Release|Any CPU
		{EAFB79FB-2893-4474-AF90-04B5EA938A53}.Release|Any CPU.Build.0 = Release|Any CPU
		{9DBD2A98-9791-4A6D-A425-3031E4DE1F59}.Debug|Any CPU.ActiveCfg = Debug|Any CPU
		{9DBD2A98-9791-4A6D-A425-3031E4DE1F59}.Debug|Any CPU.Build.0 = Debug|Any CPU
		{9DBD2A98-9791-4A6D-A425-3031E4DE1F59}.Release|Any CPU.ActiveCfg = Release|Any CPU
		{9DBD2A98-9791-4A6D-A425-3031E4DE1F59}.Release|Any CPU.Build.0 = Release|Any CPU
		{BC1A2351-52DF-43FF-8E36-1623FB7CFC78}.Debug|Any CPU.ActiveCfg = Debug|Any CPU
		{BC1A2351-52DF-43FF-8E36-1623FB7CFC78}.Debug|Any CPU.Build.0 = Debug|Any CPU
		{BC1A2351-52DF-43FF-8E36-1623FB7CFC78}.Release|Any CPU.ActiveCfg = Release|Any CPU
		{BC1A2351-52DF-43FF-8E36-1623FB7CFC78}.Release|Any CPU.Build.0 = Release|Any CPU
		{52045845-8FCC-40E4-9722-C36C8B3AA2AF}.Debug|Any CPU.ActiveCfg = Debug|Any CPU
		{52045845-8FCC-40E4-9722-C36C8B3AA2AF}.Debug|Any CPU.Build.0 = Debug|Any CPU
		{52045845-8FCC-40E4-9722-C36C8B3AA2AF}.Release|Any CPU.ActiveCfg = Release|Any CPU
		{52045845-8FCC-40E4-9722-C36C8B3AA2AF}.Release|Any CPU.Build.0 = Release|Any CPU
		{5C4AEC37-A041-4A7E-8F31-26ED86FAF7CC}.Debug|Any CPU.ActiveCfg = Debug|Any CPU
		{5C4AEC37-A041-4A7E-8F31-26ED86FAF7CC}.Debug|Any CPU.Build.0 = Debug|Any CPU
		{5C4AEC37-A041-4A7E-8F31-26ED86FAF7CC}.Release|Any CPU.ActiveCfg = Release|Any CPU
		{5C4AEC37-A041-4A7E-8F31-26ED86FAF7CC}.Release|Any CPU.Build.0 = Release|Any CPU
		{57474D2B-A926-486D-9EEB-86B4CD12C5A1}.Debug|Any CPU.ActiveCfg = Debug|Any CPU
		{57474D2B-A926-486D-9EEB-86B4CD12C5A1}.Debug|Any CPU.Build.0 = Debug|Any CPU
		{57474D2B-A926-486D-9EEB-86B4CD12C5A1}.Release|Any CPU.ActiveCfg = Release|Any CPU
		{57474D2B-A926-486D-9EEB-86B4CD12C5A1}.Release|Any CPU.Build.0 = Release|Any CPU
		{0C79E608-1BB3-4334-9314-5FF69CBFA5C7}.Debug|Any CPU.ActiveCfg = Debug|Any CPU
		{0C79E608-1BB3-4334-9314-5FF69CBFA5C7}.Debug|Any CPU.Build.0 = Debug|Any CPU
		{0C79E608-1BB3-4334-9314-5FF69CBFA5C7}.Release|Any CPU.ActiveCfg = Release|Any CPU
		{0C79E608-1BB3-4334-9314-5FF69CBFA5C7}.Release|Any CPU.Build.0 = Release|Any CPU
		{25EA1E17-D150-43AB-A92D-0DAECF797850}.Debug|Any CPU.ActiveCfg = Debug|Any CPU
		{25EA1E17-D150-43AB-A92D-0DAECF797850}.Debug|Any CPU.Build.0 = Debug|Any CPU
		{25EA1E17-D150-43AB-A92D-0DAECF797850}.Release|Any CPU.ActiveCfg = Release|Any CPU
		{25EA1E17-D150-43AB-A92D-0DAECF797850}.Release|Any CPU.Build.0 = Release|Any CPU
		{2FB99065-F552-4823-BEF9-3BE0660A7AC8}.Debug|Any CPU.ActiveCfg = Debug|Any CPU
		{2FB99065-F552-4823-BEF9-3BE0660A7AC8}.Debug|Any CPU.Build.0 = Debug|Any CPU
		{2FB99065-F552-4823-BEF9-3BE0660A7AC8}.Release|Any CPU.ActiveCfg = Release|Any CPU
		{2FB99065-F552-4823-BEF9-3BE0660A7AC8}.Release|Any CPU.Build.0 = Release|Any CPU
		{38510CD3-C216-4A08-8C54-1DB096D6A7E6}.Debug|Any CPU.ActiveCfg = Debug|Any CPU
		{38510CD3-C216-4A08-8C54-1DB096D6A7E6}.Debug|Any CPU.Build.0 = Debug|Any CPU
		{38510CD3-C216-4A08-8C54-1DB096D6A7E6}.Release|Any CPU.ActiveCfg = Release|Any CPU
		{38510CD3-C216-4A08-8C54-1DB096D6A7E6}.Release|Any CPU.Build.0 = Release|Any CPU
		{BAFA642C-FB51-4065-A941-469FC74504B8}.Debug|Any CPU.ActiveCfg = Debug|Any CPU
		{BAFA642C-FB51-4065-A941-469FC74504B8}.Debug|Any CPU.Build.0 = Debug|Any CPU
		{BAFA642C-FB51-4065-A941-469FC74504B8}.Release|Any CPU.ActiveCfg = Release|Any CPU
		{BAFA642C-FB51-4065-A941-469FC74504B8}.Release|Any CPU.Build.0 = Release|Any CPU
		{42843AD8-E361-4938-9D41-8FEA64173FD5}.Debug|Any CPU.ActiveCfg = Debug|Any CPU
		{42843AD8-E361-4938-9D41-8FEA64173FD5}.Debug|Any CPU.Build.0 = Debug|Any CPU
		{42843AD8-E361-4938-9D41-8FEA64173FD5}.Release|Any CPU.ActiveCfg = Release|Any CPU
		{42843AD8-E361-4938-9D41-8FEA64173FD5}.Release|Any CPU.Build.0 = Release|Any CPU
		{1B663C74-DBFD-4E49-A7AD-4E2EECB280FA}.Debug|Any CPU.ActiveCfg = Debug|Any CPU
		{1B663C74-DBFD-4E49-A7AD-4E2EECB280FA}.Debug|Any CPU.Build.0 = Debug|Any CPU
		{1B663C74-DBFD-4E49-A7AD-4E2EECB280FA}.Release|Any CPU.ActiveCfg = Release|Any CPU
		{1B663C74-DBFD-4E49-A7AD-4E2EECB280FA}.Release|Any CPU.Build.0 = Release|Any CPU
		{6B1F1965-B673-4B03-BBA7-D28541E69C79}.Debug|Any CPU.ActiveCfg = Debug|Any CPU
		{6B1F1965-B673-4B03-BBA7-D28541E69C79}.Debug|Any CPU.Build.0 = Debug|Any CPU
		{6B1F1965-B673-4B03-BBA7-D28541E69C79}.Release|Any CPU.ActiveCfg = Release|Any CPU
		{6B1F1965-B673-4B03-BBA7-D28541E69C79}.Release|Any CPU.Build.0 = Release|Any CPU
		{67CCA0FD-BB5C-498A-9245-7DB085C79797}.Debug|Any CPU.ActiveCfg = Debug|Any CPU
		{67CCA0FD-BB5C-498A-9245-7DB085C79797}.Debug|Any CPU.Build.0 = Debug|Any CPU
		{67CCA0FD-BB5C-498A-9245-7DB085C79797}.Release|Any CPU.ActiveCfg = Release|Any CPU
		{67CCA0FD-BB5C-498A-9245-7DB085C79797}.Release|Any CPU.Build.0 = Release|Any CPU
		{1BA2545D-BF5D-44D6-975C-F1C42EDA2C9F}.Debug|Any CPU.ActiveCfg = Debug|Any CPU
		{1BA2545D-BF5D-44D6-975C-F1C42EDA2C9F}.Debug|Any CPU.Build.0 = Debug|Any CPU
		{1BA2545D-BF5D-44D6-975C-F1C42EDA2C9F}.Release|Any CPU.ActiveCfg = Release|Any CPU
		{1BA2545D-BF5D-44D6-975C-F1C42EDA2C9F}.Release|Any CPU.Build.0 = Release|Any CPU
		{8CE12F4B-5FC5-45AB-B708-2F9B3C44EB91}.Debug|Any CPU.ActiveCfg = Debug|Any CPU
		{8CE12F4B-5FC5-45AB-B708-2F9B3C44EB91}.Debug|Any CPU.Build.0 = Debug|Any CPU
		{8CE12F4B-5FC5-45AB-B708-2F9B3C44EB91}.Release|Any CPU.ActiveCfg = Release|Any CPU
		{8CE12F4B-5FC5-45AB-B708-2F9B3C44EB91}.Release|Any CPU.Build.0 = Release|Any CPU
	EndGlobalSection
	GlobalSection(NestedProjects) = preSolution
		{D09D39AD-9BAE-4B14-98BF-9725FB38B12A} = {08DFB404-421F-44E4-A00E-16B56C3F5CBE}
		{9DBD2A98-9791-4A6D-A425-3031E4DE1F59} = {08DFB404-421F-44E4-A00E-16B56C3F5CBE}
		{67CCA0FD-BB5C-498A-9245-7DB085C79797} = {F5F9388B-93D3-4E8D-A81D-A24099FD62B2}
		{42843AD8-E361-4938-9D41-8FEA64173FD5} = {793A8D04-2391-4F2E-A1BE-0E69A227178D}
		{1B663C74-DBFD-4E49-A7AD-4E2EECB280FA} = {5C805CF6-F2E1-42E3-BCEF-CFC41A0E3631}
		{BC1A2351-52DF-43FF-8E36-1623FB7CFC78} = {5C805CF6-F2E1-42E3-BCEF-CFC41A0E3631}
		{D66E023D-9145-461F-9162-B41205A0A4C2} = {5C805CF6-F2E1-42E3-BCEF-CFC41A0E3631}
		{52045845-8FCC-40E4-9722-C36C8B3AA2AF} = {793A8D04-2391-4F2E-A1BE-0E69A227178D}
		{38510CD3-C216-4A08-8C54-1DB096D6A7E6} = {C5BDBBA8-88CC-4FB3-9EDA-F03CCA576581}
		{BAFA642C-FB51-4065-A941-469FC74504B8} = {C5BDBBA8-88CC-4FB3-9EDA-F03CCA576581}
		{6B1F1965-B673-4B03-BBA7-D28541E69C79} = {1BB6B772-3014-4295-BF8C-FF35D50B722F}
		{1BA2545D-BF5D-44D6-975C-F1C42EDA2C9F} = {793A8D04-2391-4F2E-A1BE-0E69A227178D}
		{8CE12F4B-5FC5-45AB-B708-2F9B3C44EB91} = {5C805CF6-F2E1-42E3-BCEF-CFC41A0E3631}
	EndGlobalSection
EndGlobal
